// !$*UTF8*$!
{
	archiveVersion = 1;
	classes = {
	};
	objectVersion = 50;
	objects = {

/* Begin PBXBuildFile section */
		D7AED98022B493FE00CF8C0B /* AppDelegate.swift in Sources */ = {isa = PBXBuildFile; fileRef = D7AED97F22B493FE00CF8C0B /* AppDelegate.swift */; };
		D7AED98222B493FE00CF8C0B /* ViewController.swift in Sources */ = {isa = PBXBuildFile; fileRef = D7AED98122B493FE00CF8C0B /* ViewController.swift */; };
		D7AED98522B493FE00CF8C0B /* Main.storyboard in Resources */ = {isa = PBXBuildFile; fileRef = D7AED98322B493FE00CF8C0B /* Main.storyboard */; };
		D7AED98722B4940000CF8C0B /* Assets.xcassets in Resources */ = {isa = PBXBuildFile; fileRef = D7AED98622B4940000CF8C0B /* Assets.xcassets */; };
		D7AED98A22B4940000CF8C0B /* LaunchScreen.storyboard in Resources */ = {isa = PBXBuildFile; fileRef = D7AED98822B4940000CF8C0B /* LaunchScreen.storyboard */; };
		D7AED99422B4964000CF8C0B /* QuizViewController.swift in Sources */ = {isa = PBXBuildFile; fileRef = D7AED99222B4964000CF8C0B /* QuizViewController.swift */; };
		D7AED99522B4964000CF8C0B /* QuizViewController.xib in Resources */ = {isa = PBXBuildFile; fileRef = D7AED99322B4964000CF8C0B /* QuizViewController.xib */; };
		D7AED99822B49F9000CF8C0B /* Quiz.swift in Sources */ = {isa = PBXBuildFile; fileRef = D7AED99722B49F9000CF8C0B /* Quiz.swift */; };
		D7AED99B22B4AFD400CF8C0B /* ResultViewController.swift in Sources */ = {isa = PBXBuildFile; fileRef = D7AED99922B4AFD400CF8C0B /* ResultViewController.swift */; };
		D7AED99C22B4AFD400CF8C0B /* ResultViewController.xib in Resources */ = {isa = PBXBuildFile; fileRef = D7AED99A22B4AFD400CF8C0B /* ResultViewController.xib */; };
/* End PBXBuildFile section */

/* Begin PBXFileReference section */
		D7AED97C22B493FE00CF8C0B /* englishQuiz.app */ = {isa = PBXFileReference; explicitFileType = wrapper.application; includeInIndex = 0; path = englishQuiz.app; sourceTree = BUILT_PRODUCTS_DIR; };
		D7AED97F22B493FE00CF8C0B /* AppDelegate.swift */ = {isa = PBXFileReference; lastKnownFileType = sourcecode.swift; path = AppDelegate.swift; sourceTree = "<group>"; };
		D7AED98122B493FE00CF8C0B /* ViewController.swift */ = {isa = PBXFileReference; lastKnownFileType = sourcecode.swift; path = ViewController.swift; sourceTree = "<group>"; };
		D7AED98422B493FE00CF8C0B /* Base */ = {isa = PBXFileReference; lastKnownFileType = file.storyboard; name = Base; path = Base.lproj/Main.storyboard; sourceTree = "<group>"; };
		D7AED98622B4940000CF8C0B /* Assets.xcassets */ = {isa = PBXFileReference; lastKnownFileType = folder.assetcatalog; path = Assets.xcassets; sourceTree = "<group>"; };
		D7AED98922B4940000CF8C0B /* Base */ = {isa = PBXFileReference; lastKnownFileType = file.storyboard; name = Base; path = Base.lproj/LaunchScreen.storyboard; sourceTree = "<group>"; };
		D7AED98B22B4940000CF8C0B /* Info.plist */ = {isa = PBXFileReference; lastKnownFileType = text.plist.xml; path = Info.plist; sourceTree = "<group>"; };
		D7AED99222B4964000CF8C0B /* QuizViewController.swift */ = {isa = PBXFileReference; lastKnownFileType = sourcecode.swift; path = QuizViewController.swift; sourceTree = "<group>"; };
		D7AED99322B4964000CF8C0B /* QuizViewController.xib */ = {isa = PBXFileReference; lastKnownFileType = file.xib; path = QuizViewController.xib; sourceTree = "<group>"; };
		D7AED99722B49F9000CF8C0B /* Quiz.swift */ = {isa = PBXFileReference; lastKnownFileType = sourcecode.swift; path = Quiz.swift; sourceTree = "<group>"; };
		D7AED99922B4AFD400CF8C0B /* ResultViewController.swift */ = {isa = PBXFileReference; lastKnownFileType = sourcecode.swift; path = ResultViewController.swift; sourceTree = "<group>"; };
		D7AED99A22B4AFD400CF8C0B /* ResultViewController.xib */ = {isa = PBXFileReference; lastKnownFileType = file.xib; path = ResultViewController.xib; sourceTree = "<group>"; };
/* End PBXFileReference section */

/* Begin PBXFrameworksBuildPhase section */
		D7AED97922B493FE00CF8C0B /* Frameworks */ = {
			isa = PBXFrameworksBuildPhase;
			buildActionMask = 2147483647;
			files = (
			);
			runOnlyForDeploymentPostprocessing = 0;
		};
/* End PBXFrameworksBuildPhase section */

/* Begin PBXGroup section */
		D7AED97322B493FE00CF8C0B = {
			isa = PBXGroup;
			children = (
				D7AED97E22B493FE00CF8C0B /* englishQuiz */,
				D7AED97D22B493FE00CF8C0B /* Products */,
			);
			sourceTree = "<group>";
		};
		D7AED97D22B493FE00CF8C0B /* Products */ = {
			isa = PBXGroup;
			children = (
				D7AED97C22B493FE00CF8C0B /* englishQuiz.app */,
			);
			name = Products;
			sourceTree = "<group>";
		};
		D7AED97E22B493FE00CF8C0B /* englishQuiz */ = {
			isa = PBXGroup;
			children = (
				D7AED99122B4961600CF8C0B /* UI */,
				D7AED99622B49F7A00CF8C0B /* Domain */,
				D7AED97F22B493FE00CF8C0B /* AppDelegate.swift */,
				D7AED98122B493FE00CF8C0B /* ViewController.swift */,
				D7AED98322B493FE00CF8C0B /* Main.storyboard */,
				D7AED98622B4940000CF8C0B /* Assets.xcassets */,
				D7AED98822B4940000CF8C0B /* LaunchScreen.storyboard */,
				D7AED98B22B4940000CF8C0B /* Info.plist */,
			);
			path = englishQuiz;
			sourceTree = "<group>";
		};
		D7AED99122B4961600CF8C0B /* UI */ = {
			isa = PBXGroup;
			children = (
				D7AED99222B4964000CF8C0B /* QuizViewController.swift */,
				D7AED99322B4964000CF8C0B /* QuizViewController.xib */,
				D7AED99922B4AFD400CF8C0B /* ResultViewController.swift */,
				D7AED99A22B4AFD400CF8C0B /* ResultViewController.xib */,
			);
			path = UI;
			sourceTree = "<group>";
		};
		D7AED99622B49F7A00CF8C0B /* Domain */ = {
			isa = PBXGroup;
			children = (
				D7AED99722B49F9000CF8C0B /* Quiz.swift */,
			);
			path = Domain;
			sourceTree = "<group>";
		};
/* End PBXGroup section */

/* Begin PBXNativeTarget section */
		D7AED97B22B493FE00CF8C0B /* englishQuiz */ = {
			isa = PBXNativeTarget;
			buildConfigurationList = D7AED98E22B4940000CF8C0B /* Build configuration list for PBXNativeTarget "englishQuiz" */;
			buildPhases = (
				D7AED97822B493FE00CF8C0B /* Sources */,
				D7AED97922B493FE00CF8C0B /* Frameworks */,
				D7AED97A22B493FE00CF8C0B /* Resources */,
			);
			buildRules = (
			);
			dependencies = (
			);
			name = englishQuiz;
			productName = englishQuiz;
			productReference = D7AED97C22B493FE00CF8C0B /* englishQuiz.app */;
			productType = "com.apple.product-type.application";
		};
/* End PBXNativeTarget section */

/* Begin PBXProject section */
		D7AED97422B493FE00CF8C0B /* Project object */ = {
			isa = PBXProject;
			attributes = {
				LastSwiftUpdateCheck = 1020;
				LastUpgradeCheck = 1020;
				ORGANIZATIONNAME = menomoto;
				TargetAttributes = {
					D7AED97B22B493FE00CF8C0B = {
						CreatedOnToolsVersion = 10.2.1;
					};
				};
			};
			buildConfigurationList = D7AED97722B493FE00CF8C0B /* Build configuration list for PBXProject "englishQuiz" */;
			compatibilityVersion = "Xcode 9.3";
			developmentRegion = en;
			hasScannedForEncodings = 0;
			knownRegions = (
				en,
				Base,
			);
			mainGroup = D7AED97322B493FE00CF8C0B;
			productRefGroup = D7AED97D22B493FE00CF8C0B /* Products */;
			projectDirPath = "";
			projectRoot = "";
			targets = (
				D7AED97B22B493FE00CF8C0B /* englishQuiz */,
			);
		};
/* End PBXProject section */

/* Begin PBXResourcesBuildPhase section */
		D7AED97A22B493FE00CF8C0B /* Resources */ = {
			isa = PBXResourcesBuildPhase;
			buildActionMask = 2147483647;
			files = (
				D7AED98A22B4940000CF8C0B /* LaunchScreen.storyboard in Resources */,
				D7AED98722B4940000CF8C0B /* Assets.xcassets in Resources */,
				D7AED98522B493FE00CF8C0B /* Main.storyboard in Resources */,
				D7AED99C22B4AFD400CF8C0B /* ResultViewController.xib in Resources */,
				D7AED99522B4964000CF8C0B /* QuizViewController.xib in Resources */,
			);
			runOnlyForDeploymentPostprocessing = 0;
		};
/* End PBXResourcesBuildPhase section */

/* Begin PBXSourcesBuildPhase section */
		D7AED97822B493FE00CF8C0B /* Sources */ = {
			isa = PBXSourcesBuildPhase;
			buildActionMask = 2147483647;
			files = (
				D7AED99B22B4AFD400CF8C0B /* ResultViewController.swift in Sources */,
				D7AED99422B4964000CF8C0B /* QuizViewController.swift in Sources */,
				D7AED98222B493FE00CF8C0B /* ViewController.swift in Sources */,
				D7AED99822B49F9000CF8C0B /* Quiz.swift in Sources */,
				D7AED98022B493FE00CF8C0B /* AppDelegate.swift in Sources */,
			);
			runOnlyForDeploymentPostprocessing = 0;
		};
/* End PBXSourcesBuildPhase section */

/* Begin PBXVariantGroup section */
		D7AED98322B493FE00CF8C0B /* Main.storyboard */ = {
			isa = PBXVariantGroup;
			children = (
				D7AED98422B493FE00CF8C0B /* Base */,
			);
			name = Main.storyboard;
			sourceTree = "<group>";
		};
		D7AED98822B4940000CF8C0B /* LaunchScreen.storyboard */ = {
			isa = PBXVariantGroup;
			children = (
				D7AED98922B4940000CF8C0B /* Base */,
			);
			name = LaunchScreen.storyboard;
			sourceTree = "<group>";
		};
/* End PBXVariantGroup section */

/* Begin XCBuildConfiguration section */
		D7AED98C22B4940000CF8C0B /* Debug */ = {
			isa = XCBuildConfiguration;
			buildSettings = {
				ALWAYS_SEARCH_USER_PATHS = NO;
				CLANG_ANALYZER_NONNULL = YES;
				CLANG_ANALYZER_NUMBER_OBJECT_CONVERSION = YES_AGGRESSIVE;
				CLANG_CXX_LANGUAGE_STANDARD = "gnu++14";
				CLANG_CXX_LIBRARY = "libc++";
				CLANG_ENABLE_MODULES = YES;
				CLANG_ENABLE_OBJC_ARC = YES;
				CLANG_ENABLE_OBJC_WEAK = YES;
				CLANG_WARN_BLOCK_CAPTURE_AUTORELEASING = YES;
				CLANG_WARN_BOOL_CONVERSION = YES;
				CLANG_WARN_COMMA = YES;
				CLANG_WARN_CONSTANT_CONVERSION = YES;
				CLANG_WARN_DEPRECATED_OBJC_IMPLEMENTATIONS = YES;
				CLANG_WARN_DIRECT_OBJC_ISA_USAGE = YES_ERROR;
				CLANG_WARN_DOCUMENTATION_COMMENTS = YES;
				CLANG_WARN_EMPTY_BODY = YES;
				CLANG_WARN_ENUM_CONVERSION = YES;
				CLANG_WARN_INFINITE_RECURSION = YES;
				CLANG_WARN_INT_CONVERSION = YES;
				CLANG_WARN_NON_LITERAL_NULL_CONVERSION = YES;
				CLANG_WARN_OBJC_IMPLICIT_RETAIN_SELF = YES;
				CLANG_WARN_OBJC_LITERAL_CONVERSION = YES;
				CLANG_WARN_OBJC_ROOT_CLASS = YES_ERROR;
				CLANG_WARN_RANGE_LOOP_ANALYSIS = YES;
				CLANG_WARN_STRICT_PROTOTYPES = YES;
				CLANG_WARN_SUSPICIOUS_MOVE = YES;
				CLANG_WARN_UNGUARDED_AVAILABILITY = YES_AGGRESSIVE;
				CLANG_WARN_UNREACHABLE_CODE = YES;
				CLANG_WARN__DUPLICATE_METHOD_MATCH = YES;
				CODE_SIGN_IDENTITY = "iPhone Developer";
				COPY_PHASE_STRIP = NO;
				DEBUG_INFORMATION_FORMAT = dwarf;
				ENABLE_STRICT_OBJC_MSGSEND = YES;
				ENABLE_TESTABILITY = YES;
				GCC_C_LANGUAGE_STANDARD = gnu11;
				GCC_DYNAMIC_NO_PIC = NO;
				GCC_NO_COMMON_BLOCKS = YES;
				GCC_OPTIMIZATION_LEVEL = 0;
				GCC_PREPROCESSOR_DEFINITIONS = (
					"DEBUG=1",
					"$(inherited)",
				);
				GCC_WARN_64_TO_32_BIT_CONVERSION = YES;
				GCC_WARN_ABOUT_RETURN_TYPE = YES_ERROR;
				GCC_WARN_UNDECLARED_SELECTOR = YES;
				GCC_WARN_UNINITIALIZED_AUTOS = YES_AGGRESSIVE;
				GCC_WARN_UNUSED_FUNCTION = YES;
				GCC_WARN_UNUSED_VARIABLE = YES;
				IPHONEOS_DEPLOYMENT_TARGET = 12.2;
				MTL_ENABLE_DEBUG_INFO = INCLUDE_SOURCE;
				MTL_FAST_MATH = YES;
				ONLY_ACTIVE_ARCH = YES;
				SDKROOT = iphoneos;
				SWIFT_ACTIVE_COMPILATION_CONDITIONS = DEBUG;
				SWIFT_OPTIMIZATION_LEVEL = "-Onone";
			};
			name = Debug;
		};
		D7AED98D22B4940000CF8C0B /* Release */ = {
			isa = XCBuildConfiguration;
			buildSettings = {
				ALWAYS_SEARCH_USER_PATHS = NO;
				CLANG_ANALYZER_NONNULL = YES;
				CLANG_ANALYZER_NUMBER_OBJECT_CONVERSION = YES_AGGRESSIVE;
				CLANG_CXX_LANGUAGE_STANDARD = "gnu++14";
				CLANG_CXX_LIBRARY = "libc++";
				CLANG_ENABLE_MODULES = YES;
				CLANG_ENABLE_OBJC_ARC = YES;
				CLANG_ENABLE_OBJC_WEAK = YES;
				CLANG_WARN_BLOCK_CAPTURE_AUTORELEASING = YES;
				CLANG_WARN_BOOL_CONVERSION = YES;
				CLANG_WARN_COMMA = YES;
				CLANG_WARN_CONSTANT_CONVERSION = YES;
				CLANG_WARN_DEPRECATED_OBJC_IMPLEMENTATIONS = YES;
				CLANG_WARN_DIRECT_OBJC_ISA_USAGE = YES_ERROR;
				CLANG_WARN_DOCUMENTATION_COMMENTS = YES;
				CLANG_WARN_EMPTY_BODY = YES;
				CLANG_WARN_ENUM_CONVERSION = YES;
				CLANG_WARN_INFINITE_RECURSION = YES;
				CLANG_WARN_INT_CONVERSION = YES;
				CLANG_WARN_NON_LITERAL_NULL_CONVERSION = YES;
				CLANG_WARN_OBJC_IMPLICIT_RETAIN_SELF = YES;
				CLANG_WARN_OBJC_LITERAL_CONVERSION = YES;
				CLANG_WARN_OBJC_ROOT_CLASS = YES_ERROR;
				CLANG_WARN_RANGE_LOOP_ANALYSIS = YES;
				CLANG_WARN_STRICT_PROTOTYPES = YES;
				CLANG_WARN_SUSPICIOUS_MOVE = YES;
				CLANG_WARN_UNGUARDED_AVAILABILITY = YES_AGGRESSIVE;
				CLANG_WARN_UNREACHABLE_CODE = YES;
				CLANG_WARN__DUPLICATE_METHOD_MATCH = YES;
				CODE_SIGN_IDENTITY = "iPhone Developer";
				COPY_PHASE_STRIP = NO;
				DEBUG_INFORMATION_FORMAT = "dwarf-with-dsym";
				ENABLE_NS_ASSERTIONS = NO;
				ENABLE_STRICT_OBJC_MSGSEND = YES;
				GCC_C_LANGUAGE_STANDARD = gnu11;
				GCC_NO_COMMON_BLOCKS = YES;
				GCC_WARN_64_TO_32_BIT_CONVERSION = YES;
				GCC_WARN_ABOUT_RETURN_TYPE = YES_ERROR;
				GCC_WARN_UNDECLARED_SELECTOR = YES;
				GCC_WARN_UNINITIALIZED_AUTOS = YES_AGGRESSIVE;
				GCC_WARN_UNUSED_FUNCTION = YES;
				GCC_WARN_UNUSED_VARIABLE = YES;
				IPHONEOS_DEPLOYMENT_TARGET = 12.2;
				MTL_ENABLE_DEBUG_INFO = NO;
				MTL_FAST_MATH = YES;
				SDKROOT = iphoneos;
				SWIFT_COMPILATION_MODE = wholemodule;
				SWIFT_OPTIMIZATION_LEVEL = "-O";
				VALIDATE_PRODUCT = YES;
			};
			name = Release;
		};
		D7AED98F22B4940000CF8C0B /* Debug */ = {
			isa = XCBuildConfiguration;
			buildSettings = {
				ASSETCATALOG_COMPILER_APPICON_NAME = AppIcon;
				CODE_SIGN_STYLE = Automatic;
				DEVELOPMENT_TEAM = R364N772A3;
				INFOPLIST_FILE = englishQuiz/Info.plist;
				LD_RUNPATH_SEARCH_PATHS = (
					"$(inherited)",
					"@executable_path/Frameworks",
				);
				PRODUCT_BUNDLE_IDENTIFIER = com.menomoto.englishQuiz;
				PRODUCT_NAME = "$(TARGET_NAME)";
				SWIFT_VERSION = 5.0;
				TARGETED_DEVICE_FAMILY = "1,2";
			};
			name = Debug;
		};
		D7AED99022B4940000CF8C0B /* Release */ = {
			isa = XCBuildConfiguration;
			buildSettings = {
				ASSETCATALOG_COMPILER_APPICON_NAME = AppIcon;
				CODE_SIGN_STYLE = Automatic;
				DEVELOPMENT_TEAM = R364N772A3;
				INFOPLIST_FILE = englishQuiz/Info.plist;
				LD_RUNPATH_SEARCH_PATHS = (
					"$(inherited)",
					"@executable_path/Frameworks",
				);
				PRODUCT_BUNDLE_IDENTIFIER = com.menomoto.englishQuiz;
				PRODUCT_NAME = "$(TARGET_NAME)";
				SWIFT_VERSION = 5.0;
				TARGETED_DEVICE_FAMILY = "1,2";
			};
			name = Release;
		};
/* End XCBuildConfiguration section */

/* Begin XCConfigurationList section */
		D7AED97722B493FE00CF8C0B /* Build configuration list for PBXProject "englishQuiz" */ = {
			isa = XCConfigurationList;
			buildConfigurations = (
				D7AED98C22B4940000CF8C0B /* Debug */,
				D7AED98D22B4940000CF8C0B /* Release */,
			);
			defaultConfigurationIsVisible = 0;
			defaultConfigurationName = Release;
		};
		D7AED98E22B4940000CF8C0B /* Build configuration list for PBXNativeTarget "englishQuiz" */ = {
			isa = XCConfigurationList;
			buildConfigurations = (
				D7AED98F22B4940000CF8C0B /* Debug */,
				D7AED99022B4940000CF8C0B /* Release */,
			);
			defaultConfigurationIsVisible = 0;
			defaultConfigurationName = Release;
		};
/* End XCConfigurationList section */
	};
	rootObject = D7AED97422B493FE00CF8C0B /* Project object */;
}
